# Fully resolved for CPython 3.14 on Apple Silicon macOS. Platform wheels make
# this intentionally a host lock, not a cross-platform requirements file.
setuptools==81.0.0 --hash=sha256:fdd925d5c5d9f62e4b74b30d6dd7828ce236fd6ed998a08d81de62ce5a6310d6
wheel==0.48.0 --hash=sha256:3217dcc807155e45db462d7ef2431f5ddda0d7273b700d05a67b271ceb1287ab
ELM327-emulator==3.0.5 --hash=sha256:c4527894abd613f36c87ecba47b6b4ea91fd2b123509fd71d9e49ab41e656d87
bless==0.3.0 --hash=sha256:29c5a87a100a43f1dddab29e46a5adfdc871d42f4d421f13ae5c7a0ec23e7a6b
bleak==3.0.2 --hash=sha256:39092feb9e83f1df5ad2f88e837723c7211c982ce9e9cda6235104bc2ebe0d0d
Pint==0.24.4 --hash=sha256:aa54926c8772159fcf65f82cc0d34de6768c151b32ad1deb0331291c38fe7659
PyYAML==6.0.3 --hash=sha256:34d5fcd24b8445fadc33f9cf348c1047101756fd760b4dacb5c3e99755703310
flexcache==0.3 --hash=sha256:d43c9fea82336af6e0115e308d9d33a185390b8346a017564611f1466dcd2e32
flexparser==0.4 --hash=sha256:3738b456192dcb3e15620f324c447721023c0293f6af9955b481e91d00179846
lockfile==0.12.2 --hash=sha256:6c3cb24f344923d30b2785d5ad75182c8ea7ac1b6171b08657258ec7429d50fa
obd==0.7.3 --hash=sha256:f26da700f13683a27855e6a439db72f7025fff6f1fd47ad4c6c33089d9fe7cab
packaging==26.3 --hash=sha256:d7193f7c8e4e93f444fde0262bf90af30e16fa0ad0ad44cb553c87339b23cd1c
platformdirs==4.11.3 --hash=sha256:5ed065d443751de711da036041a7a214122efc4a4de393b3f4137ba5576540e7
pyobjc-core==12.2.2 --hash=sha256:2062e8ad30a310441cd022544a897553408bebeaa7820d5edba3c96fd7fd693b
pyobjc-framework-Cocoa==12.2.2 --hash=sha256:889d7bbd4ba2d4941078bfbbfb882138e51dbead27df006abfe0f2e0d49b5b2e
pyobjc-framework-CoreBluetooth==12.2.2 --hash=sha256:c8d748b3ece787c750cdfc0ab820bd0316a084015453ca48b7885fcf56d3f782
pyobjc-framework-libdispatch==12.2.2 --hash=sha256:2488964343f9282e3521ab2f136948a8eaf7438351dc45c39e34ba23b9f5bc6b
pyserial==3.5 --hash=sha256:c4451db6ba391ca6ca299fb3ec7bae67a5c55dde170964c7a14ceefec02f2cf0
python-daemon==3.1.2 --hash=sha256:b906833cef63502994ad48e2eab213259ed9bb18d54fa8774dcba2ff7864cec6
typing_extensions==4.16.0 --hash=sha256:481caa481374e813c1b176ada14e97f1f67a4539ce9cfeb3f350d78d6370c2e8
